
Microsoft Visual Studio Solution File, Format Version 12.00
# Visual Studio Version 16
VisualStudioVersion = 16.0.28917.181
MinimumVisualStudioVersion = 10.0.40219.1
Project("{FAE04EC0-301F-11D3-BF4B-00C04F79EFBC}") = "COMP123-S2019-Lesson10B", "COMP123-S2019-Lesson10B\COMP123-S2019-Lesson10B.csproj", "{51E44205-1F91-44C9-8071-7A26CB54FC78}"
EndProject
Global
	GlobalSection(SolutionConfigurationPlatforms) = preSolution
		Debug|Any CPU = Debug|Any CPU
		Release|Any CPU = Release|Any CPU
	EndGlobalSection
	GlobalSection(ProjectConfigurationPlatforms) = postSolution
		{51E44205-1F91-44C9-8071-7A26CB54FC78}.Debug|Any CPU.ActiveCfg = Debug|Any CPU
		{51E44205-1F91-44C9-8071-7A26CB54FC78}.Debug|Any CPU.Build.0 = Debug|Any CPU
		{51E44205-1F91-44C9-8071-7A26CB54FC78}.Release|Any CPU.ActiveCfg = Release|Any CPU
		{51E44205-1F91-44C9-8071-7A26CB54FC78}.Release|Any CPU.Build.0 = Release|Any CPU
	EndGlobalSection
	GlobalSection(SolutionProperties) = preSolution
		HideSolutionNode = FALSE
	EndGlobalSection
	GlobalSection(ExtensibilityGlobals) = postSolution
		SolutionGuid = {CBFD464F-3F34-4B12-952D-19ED767E79ED}
	EndGlobalSection
EndGlobal
